// !$*UTF8*$!
{
	archiveVersion = 1;
	classes = {
	};
	objectVersion = 50;
	objects = {

/* Begin PBXBuildFile section */
		9F05088624F51112001714F4 /* AppDelegate.swift in Sources */ = {isa = PBXBuildFile; fileRef = 9F05088524F51112001714F4 /* AppDelegate.swift */; };
		9F05088824F51112001714F4 /* SceneDelegate.swift in Sources */ = {isa = PBXBuildFile; fileRef = 9F05088724F51112001714F4 /* SceneDelegate.swift */; };
		9F05088A24F51112001714F4 /* ViewController.swift in Sources */ = {isa = PBXBuildFile; fileRef = 9F05088924F51112001714F4 /* ViewController.swift */; };
		9F05088D24F51112001714F4 /* Main.storyboard in Resources */ = {isa = PBXBuildFile; fileRef = 9F05088B24F51112001714F4 /* Main.storyboard */; };
		9F05088F24F51116001714F4 /* Assets.xcassets in Resources */ = {isa = PBXBuildFile; fileRef = 9F05088E24F51116001714F4 /* Assets.xcassets */; };
		9F05089224F51116001714F4 /* LaunchScreen.storyboard in Resources */ = {isa = PBXBuildFile; fileRef = 9F05089024F51116001714F4 /* LaunchScreen.storyboard */; };
		9F05089D24F51116001714F4 /* SwiftDeclarativeTests.swift in Sources */ = {isa = PBXBuildFile; fileRef = 9F05089C24F51116001714F4 /* SwiftDeclarativeTests.swift */; };
		9F0508A824F51116001714F4 /* SwiftDeclarativeUITests.swift in Sources */ = {isa = PBXBuildFile; fileRef = 9F0508A724F51116001714F4 /* SwiftDeclarativeUITests.swift */; };
/* End PBXBuildFile section */

/* Begin PBXContainerItemProxy section */
		9F05089924F51116001714F4 /* PBXContainerItemProxy */ = {
			isa = PBXContainerItemProxy;
			containerPortal = 9F05087A24F51112001714F4 /* Project object */;
			proxyType = 1;
			remoteGlobalIDString = 9F05088124F51112001714F4;
			remoteInfo = SwiftDeclarative;
		};
		9F0508A424F51116001714F4 /* PBXContainerItemProxy */ = {
			isa = PBXContainerItemProxy;
			containerPortal = 9F05087A24F51112001714F4 /* Project object */;
			proxyType = 1;
			remoteGlobalIDString = 9F05088124F51112001714F4;
			remoteInfo = SwiftDeclarative;
		};
/* End PBXContainerItemProxy section */

/* Begin PBXFileReference section */
		9F05088224F51112001714F4 /* SwiftDeclarative.app */ = {isa = PBXFileReference; explicitFileType = wrapper.application; includeInIndex = 0; path = SwiftDeclarative.app; sourceTree = BUILT_PRODUCTS_DIR; };
		9F05088524F51112001714F4 /* AppDelegate.swift */ = {isa = PBXFileReference; lastKnownFileType = sourcecode.swift; path = AppDelegate.swift; sourceTree = "<group>"; };
		9F05088724F51112001714F4 /* SceneDelegate.swift */ = {isa = PBXFileReference; lastKnownFileType = sourcecode.swift; path = SceneDelegate.swift; sourceTree = "<group>"; };
		9F05088924F51112001714F4 /* ViewController.swift */ = {isa = PBXFileReference; lastKnownFileType = sourcecode.swift; path = ViewController.swift; sourceTree = "<group>"; };
		9F05088C24F51112001714F4 /* Base */ = {isa = PBXFileReference; lastKnownFileType = file.storyboard; name = Base; path = Base.lproj/Main.storyboard; sourceTree = "<group>"; };
		9F05088E24F51116001714F4 /* Assets.xcassets */ = {isa = PBXFileReference; lastKnownFileType = folder.assetcatalog; path = Assets.xcassets; sourceTree = "<group>"; };
		9F05089124F51116001714F4 /* Base */ = {isa = PBXFileReference; lastKnownFileType = file.storyboard; name = Base; path = Base.lproj/LaunchScreen.storyboard; sourceTree = "<group>"; };
		9F05089324F51116001714F4 /* Info.plist */ = {isa = PBXFileReference; lastKnownFileType = text.plist.xml; path = Info.plist; sourceTree = "<group>"; };
		9F05089824F51116001714F4 /* SwiftDeclarativeTests.xctest */ = {isa = PBXFileReference; explicitFileType = wrapper.cfbundle; includeInIndex = 0; path = SwiftDeclarativeTests.xctest; sourceTree = BUILT_PRODUCTS_DIR; };
		9F05089C24F51116001714F4 /* SwiftDeclarativeTests.swift */ = {isa = PBXFileReference; lastKnownFileType = sourcecode.swift; path = SwiftDeclarativeTests.swift; sourceTree = "<group>"; };
		9F05089E24F51116001714F4 /* Info.plist */ = {isa = PBXFileReference; lastKnownFileType = text.plist.xml; path = Info.plist; sourceTree = "<group>"; };
		9F0508A324F51116001714F4 /* SwiftDeclarativeUITests.xctest */ = {isa = PBXFileReference; explicitFileType = wrapper.cfbundle; includeInIndex = 0; path = SwiftDeclarativeUITests.xctest; sourceTree = BUILT_PRODUCTS_DIR; };
		9F0508A724F51116001714F4 /* SwiftDeclarativeUITests.swift */ = {isa = PBXFileReference; lastKnownFileType = sourcecode.swift; path = SwiftDeclarativeUITests.swift; sourceTree = "<group>"; };
		9F0508A924F51116001714F4 /* Info.plist */ = {isa = PBXFileReference; lastKnownFileType = text.plist.xml; path = Info.plist; sourceTree = "<group>"; };
/* End PBXFileReference section */

/* Begin PBXFrameworksBuildPhase section */
		9F05087F24F51112001714F4 /* Frameworks */ = {
			isa = PBXFrameworksBuildPhase;
			buildActionMask = 2147483647;
			files = (
			);
			runOnlyForDeploymentPostprocessing = 0;
		};
		9F05089524F51116001714F4 /* Frameworks */ = {
			isa = PBXFrameworksBuildPhase;
			buildActionMask = 2147483647;
			files = (
			);
			runOnlyForDeploymentPostprocessing = 0;
		};
		9F0508A024F51116001714F4 /* Frameworks */ = {
			isa = PBXFrameworksBuildPhase;
			buildActionMask = 2147483647;
			files = (
			);
			runOnlyForDeploymentPostprocessing = 0;
		};
/* End PBXFrameworksBuildPhase section */

/* Begin PBXGroup section */
		9F05087924F51112001714F4 = {
			isa = PBXGroup;
			children = (
				9F05088424F51112001714F4 /* SwiftDeclarative */,
				9F05089B24F51116001714F4 /* SwiftDeclarativeTests */,
				9F0508A624F51116001714F4 /* SwiftDeclarativeUITests */,
				9F05088324F51112001714F4 /* Products */,
			);
			sourceTree = "<group>";
		};
		9F05088324F51112001714F4 /* Products */ = {
			isa = PBXGroup;
			children = (
				9F05088224F51112001714F4 /* SwiftDeclarative.app */,
				9F05089824F51116001714F4 /* SwiftDeclarativeTests.xctest */,
				9F0508A324F51116001714F4 /* SwiftDeclarativeUITests.xctest */,
			);
			name = Products;
			sourceTree = "<group>";
		};
		9F05088424F51112001714F4 /* SwiftDeclarative */ = {
			isa = PBXGroup;
			children = (
				9F05088524F51112001714F4 /* AppDelegate.swift */,
				9F05088724F51112001714F4 /* SceneDelegate.swift */,
				9F05088924F51112001714F4 /* ViewController.swift */,
				9F05088B24F51112001714F4 /* Main.storyboard */,
				9F05088E24F51116001714F4 /* Assets.xcassets */,
				9F05089024F51116001714F4 /* LaunchScreen.storyboard */,
				9F05089324F51116001714F4 /* Info.plist */,
			);
			path = SwiftDeclarative;
			sourceTree = "<group>";
		};
		9F05089B24F51116001714F4 /* SwiftDeclarativeTests */ = {
			isa = PBXGroup;
			children = (
				9F05089C24F51116001714F4 /* SwiftDeclarativeTests.swift */,
				9F05089E24F51116001714F4 /* Info.plist */,
			);
			path = SwiftDeclarativeTests;
			sourceTree = "<group>";
		};
		9F0508A624F51116001714F4 /* SwiftDeclarativeUITests */ = {
			isa = PBXGroup;
			children = (
				9F0508A724F51116001714F4 /* SwiftDeclarativeUITests.swift */,
				9F0508A924F51116001714F4 /* Info.plist */,
			);
			path = SwiftDeclarativeUITests;
			sourceTree = "<group>";
		};
/* End PBXGroup section */

/* Begin PBXNativeTarget section */
		9F05088124F51112001714F4 /* SwiftDeclarative */ = {
			isa = PBXNativeTarget;
			buildConfigurationList = 9F0508AC24F51116001714F4 /* Build configuration list for PBXNativeTarget "SwiftDeclarative" */;
			buildPhases = (
				9F05087E24F51112001714F4 /* Sources */,
				9F05087F24F51112001714F4 /* Frameworks */,
				9F05088024F51112001714F4 /* Resources */,
			);
			buildRules = (
			);
			dependencies = (
			);
			name = SwiftDeclarative;
			productName = SwiftDeclarative;
			productReference = 9F05088224F51112001714F4 /* SwiftDeclarative.app */;
			productType = "com.apple.product-type.application";
		};
		9F05089724F51116001714F4 /* SwiftDeclarativeTests */ = {
			isa = PBXNativeTarget;
			buildConfigurationList = 9F0508AF24F51116001714F4 /* Build configuration list for PBXNativeTarget "SwiftDeclarativeTests" */;
			buildPhases = (
				9F05089424F51116001714F4 /* Sources */,
				9F05089524F51116001714F4 /* Frameworks */,
				9F05089624F51116001714F4 /* Resources */,
			);
			buildRules = (
			);
			dependencies = (
				9F05089A24F51116001714F4 /* PBXTargetDependency */,
			);
			name = SwiftDeclarativeTests;
			productName = SwiftDeclarativeTests;
			productReference = 9F05089824F51116001714F4 /* SwiftDeclarativeTests.xctest */;
			productType = "com.apple.product-type.bundle.unit-test";
		};
		9F0508A224F51116001714F4 /* SwiftDeclarativeUITests */ = {
			isa = PBXNativeTarget;
			buildConfigurationList = 9F0508B224F51116001714F4 /* Build configuration list for PBXNativeTarget "SwiftDeclarativeUITests" */;
			buildPhases = (
				9F05089F24F51116001714F4 /* Sources */,
				9F0508A024F51116001714F4 /* Frameworks */,
				9F0508A124F51116001714F4 /* Resources */,
			);
			buildRules = (
			);
			dependencies = (
				9F0508A524F51116001714F4 /* PBXTargetDependency */,
			);
			name = SwiftDeclarativeUITests;
			productName = SwiftDeclarativeUITests;
			productReference = 9F0508A324F51116001714F4 /* SwiftDeclarativeUITests.xctest */;
			productType = "com.apple.product-type.bundle.ui-testing";
		};
/* End PBXNativeTarget section */

/* Begin PBXProject section */
		9F05087A24F51112001714F4 /* Project object */ = {
			isa = PBXProject;
			attributes = {
				LastSwiftUpdateCheck = 1160;
				LastUpgradeCheck = 1160;
				ORGANIZATIONNAME = "Gionatan Cernusco";
				TargetAttributes = {
					9F05088124F51112001714F4 = {
						CreatedOnToolsVersion = 11.6;
					};
					9F05089724F51116001714F4 = {
						CreatedOnToolsVersion = 11.6;
						TestTargetID = 9F05088124F51112001714F4;
					};
					9F0508A224F51116001714F4 = {
						CreatedOnToolsVersion = 11.6;
						TestTargetID = 9F05088124F51112001714F4;
					};
				};
			};
			buildConfigurationList = 9F05087D24F51112001714F4 /* Build configuration list for PBXProject "SwiftDeclarative" */;
			compatibilityVersion = "Xcode 9.3";
			developmentRegion = en;
			hasScannedForEncodings = 0;
			knownRegions = (
				en,
				Base,
			);
			mainGroup = 9F05087924F51112001714F4;
			productRefGroup = 9F05088324F51112001714F4 /* Products */;
			projectDirPath = "";
			projectRoot = "";
			targets = (
				9F05088124F51112001714F4 /* SwiftDeclarative */,
				9F05089724F51116001714F4 /* SwiftDeclarativeTests */,
				9F0508A224F51116001714F4 /* SwiftDeclarativeUITests */,
			);
		};
/* End PBXProject section */

/* Begin PBXResourcesBuildPhase section */
		9F05088024F51112001714F4 /* Resources */ = {
			isa = PBXResourcesBuildPhase;
			buildActionMask = 2147483647;
			files = (
				9F05089224F51116001714F4 /* LaunchScreen.storyboard in Resources */,
				9F05088F24F51116001714F4 /* Assets.xcassets in Resources */,
				9F05088D24F51112001714F4 /* Main.storyboard in Resources */,
			);
			runOnlyForDeploymentPostprocessing = 0;
		};
		9F05089624F51116001714F4 /* Resources */ = {
			isa = PBXResourcesBuildPhase;
			buildActionMask = 2147483647;
			files = (
			);
			runOnlyForDeploymentPostprocessing = 0;
		};
		9F0508A124F51116001714F4 /* Resources */ = {
			isa = PBXResourcesBuildPhase;
			buildActionMask = 2147483647;
			files = (
			);
			runOnlyForDeploymentPostprocessing = 0;
		};
/* End PBXResourcesBuildPhase section */

/* Begin PBXSourcesBuildPhase section */
		9F05087E24F51112001714F4 /* Sources */ = {
			isa = PBXSourcesBuildPhase;
			buildActionMask = 2147483647;
			files = (
				9F05088A24F51112001714F4 /* ViewController.swift in Sources */,
				9F05088624F51112001714F4 /* AppDelegate.swift in Sources */,
				9F05088824F51112001714F4 /* SceneDelegate.swift in Sources */,
			);
			runOnlyForDeploymentPostprocessing = 0;
		};
		9F05089424F51116001714F4 /* Sources */ = {
			isa = PBXSourcesBuildPhase;
			buildActionMask = 2147483647;
			files = (
				9F05089D24F51116001714F4 /* SwiftDeclarativeTests.swift in Sources */,
			);
			runOnlyForDeploymentPostprocessing = 0;
		};
		9F05089F24F51116001714F4 /* Sources */ = {
			isa = PBXSourcesBuildPhase;
			buildActionMask = 2147483647;
			files = (
				9F0508A824F51116001714F4 /* SwiftDeclarativeUITests.swift in Sources */,
			);
			runOnlyForDeploymentPostprocessing = 0;
		};
/* End PBXSourcesBuildPhase section */

/* Begin PBXTargetDependency section */
		9F05089A24F51116001714F4 /* PBXTargetDependency */ = {
			isa = PBXTargetDependency;
			target = 9F05088124F51112001714F4 /* SwiftDeclarative */;
			targetProxy = 9F05089924F51116001714F4 /* PBXContainerItemProxy */;
		};
		9F0508A524F51116001714F4 /* PBXTargetDependency */ = {
			isa = PBXTargetDependency;
			target = 9F05088124F51112001714F4 /* SwiftDeclarative */;
			targetProxy = 9F0508A424F51116001714F4 /* PBXContainerItemProxy */;
		};
/* End PBXTargetDependency section */

/* Begin PBXVariantGroup section */
		9F05088B24F51112001714F4 /* Main.storyboard */ = {
			isa = PBXVariantGroup;
			children = (
				9F05088C24F51112001714F4 /* Base */,
			);
			name = Main.storyboard;
			sourceTree = "<group>";
		};
		9F05089024F51116001714F4 /* LaunchScreen.storyboard */ = {
			isa = PBXVariantGroup;
			children = (
				9F05089124F51116001714F4 /* Base */,
			);
			name = LaunchScreen.storyboard;
			sourceTree = "<group>";
		};
/* End PBXVariantGroup section */

/* Begin XCBuildConfiguration section */
		9F0508AA24F51116001714F4 /* Debug */ = {
			isa = XCBuildConfiguration;
			buildSettings = {
				ALWAYS_SEARCH_USER_PATHS = NO;
				CLANG_ANALYZER_NONNULL = YES;
				CLANG_ANALYZER_NUMBER_OBJECT_CONVERSION = YES_AGGRESSIVE;
				CLANG_CXX_LANGUAGE_STANDARD = "gnu++14";
				CLANG_CXX_LIBRARY = "libc++";
				CLANG_ENABLE_MODULES = YES;
				CLANG_ENABLE_OBJC_ARC = YES;
				CLANG_ENABLE_OBJC_WEAK = YES;
				CLANG_WARN_BLOCK_CAPTURE_AUTORELEASING = YES;
				CLANG_WARN_BOOL_CONVERSION = YES;
				CLANG_WARN_COMMA = YES;
				CLANG_WARN_CONSTANT_CONVERSION = YES;
				CLANG_WARN_DEPRECATED_OBJC_IMPLEMENTATIONS = YES;
				CLANG_WARN_DIRECT_OBJC_ISA_USAGE = YES_ERROR;
				CLANG_WARN_DOCUMENTATION_COMMENTS = YES;
				CLANG_WARN_EMPTY_BODY = YES;
				CLANG_WARN_ENUM_CONVERSION = YES;
				CLANG_WARN_INFINITE_RECURSION = YES;
				CLANG_WARN_INT_CONVERSION = YES;
				CLANG_WARN_NON_LITERAL_NULL_CONVERSION = YES;
				CLANG_WARN_OBJC_IMPLICIT_RETAIN_SELF = YES;
				CLANG_WARN_OBJC_LITERAL_CONVERSION = YES;
				CLANG_WARN_OBJC_ROOT_CLASS = YES_ERROR;
				CLANG_WARN_RANGE_LOOP_ANALYSIS = YES;
				CLANG_WARN_STRICT_PROTOTYPES = YES;
				CLANG_WARN_SUSPICIOUS_MOVE = YES;
				CLANG_WARN_UNGUARDED_AVAILABILITY = YES_AGGRESSIVE;
				CLANG_WARN_UNREACHABLE_CODE = YES;
				CLANG_WARN__DUPLICATE_METHOD_MATCH = YES;
				COPY_PHASE_STRIP = NO;
				DEBUG_INFORMATION_FORMAT = dwarf;
				ENABLE_STRICT_OBJC_MSGSEND = YES;
				ENABLE_TESTABILITY = YES;
				GCC_C_LANGUAGE_STANDARD = gnu11;
				GCC_DYNAMIC_NO_PIC = NO;
				GCC_NO_COMMON_BLOCKS = YES;
				GCC_OPTIMIZATION_LEVEL = 0;
				GCC_PREPROCESSOR_DEFINITIONS = (
					"DEBUG=1",
					"$(inherited)",
				);
				GCC_WARN_64_TO_32_BIT_CONVERSION = YES;
				GCC_WARN_ABOUT_RETURN_TYPE = YES_ERROR;
				GCC_WARN_UNDECLARED_SELECTOR = YES;
				GCC_WARN_UNINITIALIZED_AUTOS = YES_AGGRESSIVE;
				GCC_WARN_UNUSED_FUNCTION = YES;
				GCC_WARN_UNUSED_VARIABLE = YES;
				IPHONEOS_DEPLOYMENT_TARGET = 13.6;
				MTL_ENABLE_DEBUG_INFO = INCLUDE_SOURCE;
				MTL_FAST_MATH = YES;
				ONLY_ACTIVE_ARCH = YES;
				SDKROOT = iphoneos;
				SWIFT_ACTIVE_COMPILATION_CONDITIONS = DEBUG;
				SWIFT_OPTIMIZATION_LEVEL = "-Onone";
			};
			name = Debug;
		};
		9F0508AB24F51116001714F4 /* Release */ = {
			isa = XCBuildConfiguration;
			buildSettings = {
				ALWAYS_SEARCH_USER_PATHS = NO;
				CLANG_ANALYZER_NONNULL = YES;
				CLANG_ANALYZER_NUMBER_OBJECT_CONVERSION = YES_AGGRESSIVE;
				CLANG_CXX_LANGUAGE_STANDARD = "gnu++14";
				CLANG_CXX_LIBRARY = "libc++";
				CLANG_ENABLE_MODULES = YES;
				CLANG_ENABLE_OBJC_ARC = YES;
				CLANG_ENABLE_OBJC_WEAK = YES;
				CLANG_WARN_BLOCK_CAPTURE_AUTORELEASING = YES;
				CLANG_WARN_BOOL_CONVERSION = YES;
				CLANG_WARN_COMMA = YES;
				CLANG_WARN_CONSTANT_CONVERSION = YES;
				CLANG_WARN_DEPRECATED_OBJC_IMPLEMENTATIONS = YES;
				CLANG_WARN_DIRECT_OBJC_ISA_USAGE = YES_ERROR;
				CLANG_WARN_DOCUMENTATION_COMMENTS = YES;
				CLANG_WARN_EMPTY_BODY = YES;
				CLANG_WARN_ENUM_CONVERSION = YES;
				CLANG_WARN_INFINITE_RECURSION = YES;
				CLANG_WARN_INT_CONVERSION = YES;
				CLANG_WARN_NON_LITERAL_NULL_CONVERSION = YES;
				CLANG_WARN_OBJC_IMPLICIT_RETAIN_SELF = YES;
				CLANG_WARN_OBJC_LITERAL_CONVERSION = YES;
				CLANG_WARN_OBJC_ROOT_CLASS = YES_ERROR;
				CLANG_WARN_RANGE_LOOP_ANALYSIS = YES;
				CLANG_WARN_STRICT_PROTOTYPES = YES;
				CLANG_WARN_SUSPICIOUS_MOVE = YES;
				CLANG_WARN_UNGUARDED_AVAILABILITY = YES_AGGRESSIVE;
				CLANG_WARN_UNREACHABLE_CODE = YES;
				CLANG_WARN__DUPLICATE_METHOD_MATCH = YES;
				COPY_PHASE_STRIP = NO;
				DEBUG_INFORMATION_FORMAT = "dwarf-with-dsym";
				ENABLE_NS_ASSERTIONS = NO;
				ENABLE_STRICT_OBJC_MSGSEND = YES;
				GCC_C_LANGUAGE_STANDARD = gnu11;
				GCC_NO_COMMON_BLOCKS = YES;
				GCC_WARN_64_TO_32_BIT_CONVERSION = YES;
				GCC_WARN_ABOUT_RETURN_TYPE = YES_ERROR;
				GCC_WARN_UNDECLARED_SELECTOR = YES;
				GCC_WARN_UNINITIALIZED_AUTOS = YES_AGGRESSIVE;
				GCC_WARN_UNUSED_FUNCTION = YES;
				GCC_WARN_UNUSED_VARIABLE = YES;
				IPHONEOS_DEPLOYMENT_TARGET = 13.6;
				MTL_ENABLE_DEBUG_INFO = NO;
				MTL_FAST_MATH = YES;
				SDKROOT = iphoneos;
				SWIFT_COMPILATION_MODE = wholemodule;
				SWIFT_OPTIMIZATION_LEVEL = "-O";
				VALIDATE_PRODUCT = YES;
			};
			name = Release;
		};
		9F0508AD24F51116001714F4 /* Debug */ = {
			isa = XCBuildConfiguration;
			buildSettings = {
				ASSETCATALOG_COMPILER_APPICON_NAME = AppIcon;
				CODE_SIGN_STYLE = Automatic;
				INFOPLIST_FILE = SwiftDeclarative/Info.plist;
				LD_RUNPATH_SEARCH_PATHS = (
					"$(inherited)",
					"@executable_path/Frameworks",
				);
				PRODUCT_BUNDLE_IDENTIFIER = IOxxy.SwiftDeclarative;
				PRODUCT_NAME = "$(TARGET_NAME)";
				SWIFT_VERSION = 5.0;
				TARGETED_DEVICE_FAMILY = "1,2";
			};
			name = Debug;
		};
		9F0508AE24F51116001714F4 /* Release */ = {
			isa = XCBuildConfiguration;
			buildSettings = {
				ASSETCATALOG_COMPILER_APPICON_NAME = AppIcon;
				CODE_SIGN_STYLE = Automatic;
				INFOPLIST_FILE = SwiftDeclarative/Info.plist;
				LD_RUNPATH_SEARCH_PATHS = (
					"$(inherited)",
					"@executable_path/Frameworks",
				);
				PRODUCT_BUNDLE_IDENTIFIER = IOxxy.SwiftDeclarative;
				PRODUCT_NAME = "$(TARGET_NAME)";
				SWIFT_VERSION = 5.0;
				TARGETED_DEVICE_FAMILY = "1,2";
			};
			name = Release;
		};
		9F0508B024F51116001714F4 /* Debug */ = {
			isa = XCBuildConfiguration;
			buildSettings = {
				ALWAYS_EMBED_SWIFT_STANDARD_LIBRARIES = YES;
				BUNDLE_LOADER = "$(TEST_HOST)";
				CODE_SIGN_STYLE = Automatic;
				INFOPLIST_FILE = SwiftDeclarativeTests/Info.plist;
				IPHONEOS_DEPLOYMENT_TARGET = 13.6;
				LD_RUNPATH_SEARCH_PATHS = (
					"$(inherited)",
					"@executable_path/Frameworks",
					"@loader_path/Frameworks",
				);
				PRODUCT_BUNDLE_IDENTIFIER = IOxxy.SwiftDeclarativeTests;
				PRODUCT_NAME = "$(TARGET_NAME)";
				SWIFT_VERSION = 5.0;
				TARGETED_DEVICE_FAMILY = "1,2";
				TEST_HOST = "$(BUILT_PRODUCTS_DIR)/SwiftDeclarative.app/SwiftDeclarative";
			};
			name = Debug;
		};
		9F0508B124F51116001714F4 /* Release */ = {
			isa = XCBuildConfiguration;
			buildSettings = {
				ALWAYS_EMBED_SWIFT_STANDARD_LIBRARIES = YES;
				BUNDLE_LOADER = "$(TEST_HOST)";
				CODE_SIGN_STYLE = Automatic;
				INFOPLIST_FILE = SwiftDeclarativeTests/Info.plist;
				IPHONEOS_DEPLOYMENT_TARGET = 13.6;
				LD_RUNPATH_SEARCH_PATHS = (
					"$(inherited)",
					"@executable_path/Frameworks",
					"@loader_path/Frameworks",
				);
				PRODUCT_BUNDLE_IDENTIFIER = IOxxy.SwiftDeclarativeTests;
				PRODUCT_NAME = "$(TARGET_NAME)";
				SWIFT_VERSION = 5.0;
				TARGETED_DEVICE_FAMILY = "1,2";
				TEST_HOST = "$(BUILT_PRODUCTS_DIR)/SwiftDeclarative.app/SwiftDeclarative";
			};
			name = Release;
		};
		9F0508B324F51116001714F4 /* Debug */ = {
			isa = XCBuildConfiguration;
			buildSettings = {
				ALWAYS_EMBED_SWIFT_STANDARD_LIBRARIES = YES;
				CODE_SIGN_STYLE = Automatic;
				INFOPLIST_FILE = SwiftDeclarativeUITests/Info.plist;
				LD_RUNPATH_SEARCH_PATHS = (
					"$(inherited)",
					"@executable_path/Frameworks",
					"@loader_path/Frameworks",
				);
				PRODUCT_BUNDLE_IDENTIFIER = IOxxy.SwiftDeclarativeUITests;
				PRODUCT_NAME = "$(TARGET_NAME)";
				SWIFT_VERSION = 5.0;
				TARGETED_DEVICE_FAMILY = "1,2";
				TEST_TARGET_NAME = SwiftDeclarative;
			};
			name = Debug;
		};
		9F0508B424F51116001714F4 /* Release */ = {
			isa = XCBuildConfiguration;
			buildSettings = {
				ALWAYS_EMBED_SWIFT_STANDARD_LIBRARIES = YES;
				CODE_SIGN_STYLE = Automatic;
				INFOPLIST_FILE = SwiftDeclarativeUITests/Info.plist;
				LD_RUNPATH_SEARCH_PATHS = (
					"$(inherited)",
					"@executable_path/Frameworks",
					"@loader_path/Frameworks",
				);
				PRODUCT_BUNDLE_IDENTIFIER = IOxxy.SwiftDeclarativeUITests;
				PRODUCT_NAME = "$(TARGET_NAME)";
				SWIFT_VERSION = 5.0;
				TARGETED_DEVICE_FAMILY = "1,2";
				TEST_TARGET_NAME = SwiftDeclarative;
			};
			name = Release;
		};
/* End XCBuildConfiguration section */

/* Begin XCConfigurationList section */
		9F05087D24F51112001714F4 /* Build configuration list for PBXProject "SwiftDeclarative" */ = {
			isa = XCConfigurationList;
			buildConfigurations = (
				9F0508AA24F51116001714F4 /* Debug */,
				9F0508AB24F51116001714F4 /* Release */,
			);
			defaultConfigurationIsVisible = 0;
			defaultConfigurationName = Release;
		};
		9F0508AC24F51116001714F4 /* Build configuration list for PBXNativeTarget "SwiftDeclarative" */ = {
			isa = XCConfigurationList;
			buildConfigurations = (
				9F0508AD24F51116001714F4 /* Debug */,
				9F0508AE24F51116001714F4 /* Release */,
			);
			defaultConfigurationIsVisible = 0;
			defaultConfigurationName = Release;
		};
		9F0508AF24F51116001714F4 /* Build configuration list for PBXNativeTarget "SwiftDeclarativeTests" */ = {
			isa = XCConfigurationList;
			buildConfigurations = (
				9F0508B024F51116001714F4 /* Debug */,
				9F0508B124F51116001714F4 /* Release */,
			);
			defaultConfigurationIsVisible = 0;
			defaultConfigurationName = Release;
		};
		9F0508B224F51116001714F4 /* Build configuration list for PBXNativeTarget "SwiftDeclarativeUITests" */ = {
			isa = XCConfigurationList;
			buildConfigurations = (
				9F0508B324F51116001714F4 /* Debug */,
				9F0508B424F51116001714F4 /* Release */,
			);
			defaultConfigurationIsVisible = 0;
			defaultConfigurationName = Release;
		};
/* End XCConfigurationList section */
	};
	rootObject = 9F05087A24F51112001714F4 /* Project object */;
}
